// !$*UTF8*$!
{
	archiveVersion = 1;
	classes = {
	};
	objectVersion = 50;
	objects = {

/* Begin PBXBuildFile section */
		4872635122B6154200D7A1FA /* SecondViewController.swift in Sources */ = {isa = PBXBuildFile; fileRef = 4872635022B6154200D7A1FA /* SecondViewController.swift */; };
		489878A922C0AEF900DD5A09 /* zipCodesSettings.swift in Sources */ = {isa = PBXBuildFile; fileRef = 489878A822C0AEF900DD5A09 /* zipCodesSettings.swift */; };
		48DD0FF922B1E531009C4D6A /* AppDelegate.swift in Sources */ = {isa = PBXBuildFile; fileRef = 48DD0FF822B1E531009C4D6A /* AppDelegate.swift */; };
		48DD0FFB22B1E531009C4D6A /* ViewController.swift in Sources */ = {isa = PBXBuildFile; fileRef = 48DD0FFA22B1E531009C4D6A /* ViewController.swift */; };
		48DD0FFE22B1E531009C4D6A /* Main.storyboard in Resources */ = {isa = PBXBuildFile; fileRef = 48DD0FFC22B1E531009C4D6A /* Main.storyboard */; };
		48DD100022B1E533009C4D6A /* Assets.xcassets in Resources */ = {isa = PBXBuildFile; fileRef = 48DD0FFF22B1E533009C4D6A /* Assets.xcassets */; };
		48DD100322B1E533009C4D6A /* LaunchScreen.storyboard in Resources */ = {isa = PBXBuildFile; fileRef = 48DD100122B1E533009C4D6A /* LaunchScreen.storyboard */; };
		48DD100E22B1E533009C4D6A /* Alert_MeTests.swift in Sources */ = {isa = PBXBuildFile; fileRef = 48DD100D22B1E533009C4D6A /* Alert_MeTests.swift */; };
		48DD101922B1E533009C4D6A /* Alert_MeUITests.swift in Sources */ = {isa = PBXBuildFile; fileRef = 48DD101822B1E533009C4D6A /* Alert_MeUITests.swift */; };
		48E19C7F22C366A50088F3B5 /* Alert_Me.xcdatamodeld in Sources */ = {isa = PBXBuildFile; fileRef = 48E19C7D22C366A50088F3B5 /* Alert_Me.xcdatamodeld */; };
		48F56F1E22BE048E003FBD74 /* SettingsViewController.swift in Sources */ = {isa = PBXBuildFile; fileRef = 48F56F1D22BE048E003FBD74 /* SettingsViewController.swift */; };
/* End PBXBuildFile section */

/* Begin PBXContainerItemProxy section */
		48DD100A22B1E533009C4D6A /* PBXContainerItemProxy */ = {
			isa = PBXContainerItemProxy;
			containerPortal = 48DD0FED22B1E531009C4D6A /* Project object */;
			proxyType = 1;
			remoteGlobalIDString = 48DD0FF422B1E531009C4D6A;
			remoteInfo = "Alert Me";
		};
		48DD101522B1E533009C4D6A /* PBXContainerItemProxy */ = {
			isa = PBXContainerItemProxy;
			containerPortal = 48DD0FED22B1E531009C4D6A /* Project object */;
			proxyType = 1;
			remoteGlobalIDString = 48DD0FF422B1E531009C4D6A;
			remoteInfo = "Alert Me";
		};
/* End PBXContainerItemProxy section */

/* Begin PBXFileReference section */
		4872635022B6154200D7A1FA /* SecondViewController.swift */ = {isa = PBXFileReference; lastKnownFileType = sourcecode.swift; path = SecondViewController.swift; sourceTree = "<group>"; };
		489878A822C0AEF900DD5A09 /* zipCodesSettings.swift */ = {isa = PBXFileReference; lastKnownFileType = sourcecode.swift; path = zipCodesSettings.swift; sourceTree = "<group>"; };
		48DD0FF522B1E531009C4D6A /* Alert Me.app */ = {isa = PBXFileReference; explicitFileType = wrapper.application; includeInIndex = 0; path = "Alert Me.app"; sourceTree = BUILT_PRODUCTS_DIR; };
		48DD0FF822B1E531009C4D6A /* AppDelegate.swift */ = {isa = PBXFileReference; lastKnownFileType = sourcecode.swift; path = AppDelegate.swift; sourceTree = "<group>"; };
		48DD0FFA22B1E531009C4D6A /* ViewController.swift */ = {isa = PBXFileReference; lastKnownFileType = sourcecode.swift; path = ViewController.swift; sourceTree = "<group>"; };
		48DD0FFD22B1E531009C4D6A /* Base */ = {isa = PBXFileReference; lastKnownFileType = file.storyboard; name = Base; path = Base.lproj/Main.storyboard; sourceTree = "<group>"; };
		48DD0FFF22B1E533009C4D6A /* Assets.xcassets */ = {isa = PBXFileReference; lastKnownFileType = folder.assetcatalog; path = Assets.xcassets; sourceTree = "<group>"; };
		48DD100222B1E533009C4D6A /* Base */ = {isa = PBXFileReference; lastKnownFileType = file.storyboard; name = Base; path = Base.lproj/LaunchScreen.storyboard; sourceTree = "<group>"; };
		48DD100422B1E533009C4D6A /* Info.plist */ = {isa = PBXFileReference; lastKnownFileType = text.plist.xml; path = Info.plist; sourceTree = "<group>"; };
		48DD100922B1E533009C4D6A /* Alert MeTests.xctest */ = {isa = PBXFileReference; explicitFileType = wrapper.cfbundle; includeInIndex = 0; path = "Alert MeTests.xctest"; sourceTree = BUILT_PRODUCTS_DIR; };
		48DD100D22B1E533009C4D6A /* Alert_MeTests.swift */ = {isa = PBXFileReference; lastKnownFileType = sourcecode.swift; path = Alert_MeTests.swift; sourceTree = "<group>"; };
		48DD100F22B1E533009C4D6A /* Info.plist */ = {isa = PBXFileReference; lastKnownFileType = text.plist.xml; path = Info.plist; sourceTree = "<group>"; };
		48DD101422B1E533009C4D6A /* Alert MeUITests.xctest */ = {isa = PBXFileReference; explicitFileType = wrapper.cfbundle; includeInIndex = 0; path = "Alert MeUITests.xctest"; sourceTree = BUILT_PRODUCTS_DIR; };
		48DD101822B1E533009C4D6A /* Alert_MeUITests.swift */ = {isa = PBXFileReference; lastKnownFileType = sourcecode.swift; path = Alert_MeUITests.swift; sourceTree = "<group>"; };
		48DD101A22B1E533009C4D6A /* Info.plist */ = {isa = PBXFileReference; lastKnownFileType = text.plist.xml; path = Info.plist; sourceTree = "<group>"; };
		48E19C7E22C366A50088F3B5 /* Alert_Me.xcdatamodel */ = {isa = PBXFileReference; lastKnownFileType = wrapper.xcdatamodel; path = Alert_Me.xcdatamodel; sourceTree = "<group>"; };
		48F56F1D22BE048E003FBD74 /* SettingsViewController.swift */ = {isa = PBXFileReference; lastKnownFileType = sourcecode.swift; path = SettingsViewController.swift; sourceTree = "<group>"; };
/* End PBXFileReference section */

/* Begin PBXFrameworksBuildPhase section */
		48DD0FF222B1E531009C4D6A /* Frameworks */ = {
			isa = PBXFrameworksBuildPhase;
			buildActionMask = 2147483647;
			files = (
			);
			runOnlyForDeploymentPostprocessing = 0;
		};
		48DD100622B1E533009C4D6A /* Frameworks */ = {
			isa = PBXFrameworksBuildPhase;
			buildActionMask = 2147483647;
			files = (
			);
			runOnlyForDeploymentPostprocessing = 0;
		};
		48DD101122B1E533009C4D6A /* Frameworks */ = {
			isa = PBXFrameworksBuildPhase;
			buildActionMask = 2147483647;
			files = (
			);
			runOnlyForDeploymentPostprocessing = 0;
		};
/* End PBXFrameworksBuildPhase section */

/* Begin PBXGroup section */
		48DD0FEC22B1E531009C4D6A = {
			isa = PBXGroup;
			children = (
				48DD0FF722B1E531009C4D6A /* Alert Me */,
				48DD100C22B1E533009C4D6A /* Alert MeTests */,
				48DD101722B1E533009C4D6A /* Alert MeUITests */,
				48DD0FF622B1E531009C4D6A /* Products */,
			);
			sourceTree = "<group>";
		};
		48DD0FF622B1E531009C4D6A /* Products */ = {
			isa = PBXGroup;
			children = (
				48DD0FF522B1E531009C4D6A /* Alert Me.app */,
				48DD100922B1E533009C4D6A /* Alert MeTests.xctest */,
				48DD101422B1E533009C4D6A /* Alert MeUITests.xctest */,
			);
			name = Products;
			sourceTree = "<group>";
		};
		48DD0FF722B1E531009C4D6A /* Alert Me */ = {
			isa = PBXGroup;
			children = (
				48DD0FF822B1E531009C4D6A /* AppDelegate.swift */,
				48DD0FFA22B1E531009C4D6A /* ViewController.swift */,
				4872635022B6154200D7A1FA /* SecondViewController.swift */,
				48F56F1D22BE048E003FBD74 /* SettingsViewController.swift */,
				489878A822C0AEF900DD5A09 /* zipCodesSettings.swift */,
				48DD0FFC22B1E531009C4D6A /* Main.storyboard */,
				48DD0FFF22B1E533009C4D6A /* Assets.xcassets */,
				48DD100122B1E533009C4D6A /* LaunchScreen.storyboard */,
				48DD100422B1E533009C4D6A /* Info.plist */,
				48E19C7D22C366A50088F3B5 /* Alert_Me.xcdatamodeld */,
			);
			path = "Alert Me";
			sourceTree = "<group>";
		};
		48DD100C22B1E533009C4D6A /* Alert MeTests */ = {
			isa = PBXGroup;
			children = (
				48DD100D22B1E533009C4D6A /* Alert_MeTests.swift */,
				48DD100F22B1E533009C4D6A /* Info.plist */,
			);
			path = "Alert MeTests";
			sourceTree = "<group>";
		};
		48DD101722B1E533009C4D6A /* Alert MeUITests */ = {
			isa = PBXGroup;
			children = (
				48DD101822B1E533009C4D6A /* Alert_MeUITests.swift */,
				48DD101A22B1E533009C4D6A /* Info.plist */,
			);
			path = "Alert MeUITests";
			sourceTree = "<group>";
		};
/* End PBXGroup section */

/* Begin PBXNativeTarget section */
		48DD0FF422B1E531009C4D6A /* Alert Me */ = {
			isa = PBXNativeTarget;
			buildConfigurationList = 48DD101D22B1E533009C4D6A /* Build configuration list for PBXNativeTarget "Alert Me" */;
			buildPhases = (
				48DD0FF122B1E531009C4D6A /* Sources */,
				48DD0FF222B1E531009C4D6A /* Frameworks */,
				48DD0FF322B1E531009C4D6A /* Resources */,
			);
			buildRules = (
			);
			dependencies = (
			);
			name = "Alert Me";
			productName = "Alert Me";
			productReference = 48DD0FF522B1E531009C4D6A /* Alert Me.app */;
			productType = "com.apple.product-type.application";
		};
		48DD100822B1E533009C4D6A /* Alert MeTests */ = {
			isa = PBXNativeTarget;
			buildConfigurationList = 48DD102022B1E533009C4D6A /* Build configuration list for PBXNativeTarget "Alert MeTests" */;
			buildPhases = (
				48DD100522B1E533009C4D6A /* Sources */,
				48DD100622B1E533009C4D6A /* Frameworks */,
				48DD100722B1E533009C4D6A /* Resources */,
			);
			buildRules = (
			);
			dependencies = (
				48DD100B22B1E533009C4D6A /* PBXTargetDependency */,
			);
			name = "Alert MeTests";
			productName = "Alert MeTests";
			productReference = 48DD100922B1E533009C4D6A /* Alert MeTests.xctest */;
			productType = "com.apple.product-type.bundle.unit-test";
		};
		48DD101322B1E533009C4D6A /* Alert MeUITests */ = {
			isa = PBXNativeTarget;
			buildConfigurationList = 48DD102322B1E533009C4D6A /* Build configuration list for PBXNativeTarget "Alert MeUITests" */;
			buildPhases = (
				48DD101022B1E533009C4D6A /* Sources */,
				48DD101122B1E533009C4D6A /* Frameworks */,
				48DD101222B1E533009C4D6A /* Resources */,
			);
			buildRules = (
			);
			dependencies = (
				48DD101622B1E533009C4D6A /* PBXTargetDependency */,
			);
			name = "Alert MeUITests";
			productName = "Alert MeUITests";
			productReference = 48DD101422B1E533009C4D6A /* Alert MeUITests.xctest */;
			productType = "com.apple.product-type.bundle.ui-testing";
		};
/* End PBXNativeTarget section */

/* Begin PBXProject section */
		48DD0FED22B1E531009C4D6A /* Project object */ = {
			isa = PBXProject;
			attributes = {
				LastSwiftUpdateCheck = 1020;
				LastUpgradeCheck = 1020;
				ORGANIZATIONNAME = "Mina Habib";
				TargetAttributes = {
					48DD0FF422B1E531009C4D6A = {
						CreatedOnToolsVersion = 10.2.1;
						SystemCapabilities = {
							com.apple.BackgroundModes = {
								enabled = 1;
							};
						};
					};
					48DD100822B1E533009C4D6A = {
						CreatedOnToolsVersion = 10.2.1;
						TestTargetID = 48DD0FF422B1E531009C4D6A;
					};
					48DD101322B1E533009C4D6A = {
						CreatedOnToolsVersion = 10.2.1;
						TestTargetID = 48DD0FF422B1E531009C4D6A;
					};
				};
			};
			buildConfigurationList = 48DD0FF022B1E531009C4D6A /* Build configuration list for PBXProject "Alert Me" */;
			compatibilityVersion = "Xcode 9.3";
			developmentRegion = en;
			hasScannedForEncodings = 0;
			knownRegions = (
				en,
				Base,
			);
			mainGroup = 48DD0FEC22B1E531009C4D6A;
			productRefGroup = 48DD0FF622B1E531009C4D6A /* Products */;
			projectDirPath = "";
			projectRoot = "";
			targets = (
				48DD0FF422B1E531009C4D6A /* Alert Me */,
				48DD100822B1E533009C4D6A /* Alert MeTests */,
				48DD101322B1E533009C4D6A /* Alert MeUITests */,
			);
		};
/* End PBXProject section */

/* Begin PBXResourcesBuildPhase section */
		48DD0FF322B1E531009C4D6A /* Resources */ = {
			isa = PBXResourcesBuildPhase;
			buildActionMask = 2147483647;
			files = (
				48DD100322B1E533009C4D6A /* LaunchScreen.storyboard in Resources */,
				48DD100022B1E533009C4D6A /* Assets.xcassets in Resources */,
				48DD0FFE22B1E531009C4D6A /* Main.storyboard in Resources */,
			);
			runOnlyForDeploymentPostprocessing = 0;
		};
		48DD100722B1E533009C4D6A /* Resources */ = {
			isa = PBXResourcesBuildPhase;
			buildActionMask = 2147483647;
			files = (
			);
			runOnlyForDeploymentPostprocessing = 0;
		};
		48DD101222B1E533009C4D6A /* Resources */ = {
			isa = PBXResourcesBuildPhase;
			buildActionMask = 2147483647;
			files = (
			);
			runOnlyForDeploymentPostprocessing = 0;
		};
/* End PBXResourcesBuildPhase section */

/* Begin PBXSourcesBuildPhase section */
		48DD0FF122B1E531009C4D6A /* Sources */ = {
			isa = PBXSourcesBuildPhase;
			buildActionMask = 2147483647;
			files = (
				4872635122B6154200D7A1FA /* SecondViewController.swift in Sources */,
				489878A922C0AEF900DD5A09 /* zipCodesSettings.swift in Sources */,
				48DD0FFB22B1E531009C4D6A /* ViewController.swift in Sources */,
				48DD0FF922B1E531009C4D6A /* AppDelegate.swift in Sources */,
				48E19C7F22C366A50088F3B5 /* Alert_Me.xcdatamodeld in Sources */,
				48F56F1E22BE048E003FBD74 /* SettingsViewController.swift in Sources */,
			);
			runOnlyForDeploymentPostprocessing = 0;
		};
		48DD100522B1E533009C4D6A /* Sources */ = {
			isa = PBXSourcesBuildPhase;
			buildActionMask = 2147483647;
			files = (
				48DD100E22B1E533009C4D6A /* Alert_MeTests.swift in Sources */,
			);
			runOnlyForDeploymentPostprocessing = 0;
		};
		48DD101022B1E533009C4D6A /* Sources */ = {
			isa = PBXSourcesBuildPhase;
			buildActionMask = 2147483647;
			files = (
				48DD101922B1E533009C4D6A /* Alert_MeUITests.swift in Sources */,
			);
			runOnlyForDeploymentPostprocessing = 0;
		};
/* End PBXSourcesBuildPhase section */

/* Begin PBXTargetDependency section */
		48DD100B22B1E533009C4D6A /* PBXTargetDependency */ = {
			isa = PBXTargetDependency;
			target = 48DD0FF422B1E531009C4D6A /* Alert Me */;
			targetProxy = 48DD100A22B1E533009C4D6A /* PBXContainerItemProxy */;
		};
		48DD101622B1E533009C4D6A /* PBXTargetDependency */ = {
			isa = PBXTargetDependency;
			target = 48DD0FF422B1E531009C4D6A /* Alert Me */;
			targetProxy = 48DD101522B1E533009C4D6A /* PBXContainerItemProxy */;
		};
/* End PBXTargetDependency section */

/* Begin PBXVariantGroup section */
		48DD0FFC22B1E531009C4D6A /* Main.storyboard */ = {
			isa = PBXVariantGroup;
			children = (
				48DD0FFD22B1E531009C4D6A /* Base */,
			);
			name = Main.storyboard;
			sourceTree = "<group>";
		};
		48DD100122B1E533009C4D6A /* LaunchScreen.storyboard */ = {
			isa = PBXVariantGroup;
			children = (
				48DD100222B1E533009C4D6A /* Base */,
			);
			name = LaunchScreen.storyboard;
			sourceTree = "<group>";
		};
/* End PBXVariantGroup section */

/* Begin XCBuildConfiguration section */
		48DD101B22B1E533009C4D6A /* Debug */ = {
			isa = XCBuildConfiguration;
			buildSettings = {
				ALWAYS_SEARCH_USER_PATHS = NO;
				CLANG_ANALYZER_NONNULL = YES;
				CLANG_ANALYZER_NUMBER_OBJECT_CONVERSION = YES_AGGRESSIVE;
				CLANG_CXX_LANGUAGE_STANDARD = "gnu++14";
				CLANG_CXX_LIBRARY = "libc++";
				CLANG_ENABLE_MODULES = YES;
				CLANG_ENABLE_OBJC_ARC = YES;
				CLANG_ENABLE_OBJC_WEAK = YES;
				CLANG_WARN_BLOCK_CAPTURE_AUTORELEASING = YES;
				CLANG_WARN_BOOL_CONVERSION = YES;
				CLANG_WARN_COMMA = YES;
				CLANG_WARN_CONSTANT_CONVERSION = YES;
				CLANG_WARN_DEPRECATED_OBJC_IMPLEMENTATIONS = YES;
				CLANG_WARN_DIRECT_OBJC_ISA_USAGE = YES_ERROR;
				CLANG_WARN_DOCUMENTATION_COMMENTS = YES;
				CLANG_WARN_EMPTY_BODY = YES;
				CLANG_WARN_ENUM_CONVERSION = YES;
				CLANG_WARN_INFINITE_RECURSION = YES;
				CLANG_WARN_INT_CONVERSION = YES;
				CLANG_WARN_NON_LITERAL_NULL_CONVERSION = YES;
				CLANG_WARN_OBJC_IMPLICIT_RETAIN_SELF = YES;
				CLANG_WARN_OBJC_LITERAL_CONVERSION = YES;
				CLANG_WARN_OBJC_ROOT_CLASS = YES_ERROR;
				CLANG_WARN_RANGE_LOOP_ANALYSIS = YES;
				CLANG_WARN_STRICT_PROTOTYPES = YES;
				CLANG_WARN_SUSPICIOUS_MOVE = YES;
				CLANG_WARN_UNGUARDED_AVAILABILITY = YES_AGGRESSIVE;
				CLANG_WARN_UNREACHABLE_CODE = YES;
				CLANG_WARN__DUPLICATE_METHOD_MATCH = YES;
				CODE_SIGN_IDENTITY = "iPhone Developer";
				COPY_PHASE_STRIP = NO;
				DEBUG_INFORMATION_FORMAT = dwarf;
				ENABLE_STRICT_OBJC_MSGSEND = YES;
				ENABLE_TESTABILITY = YES;
				GCC_C_LANGUAGE_STANDARD = gnu11;
				GCC_DYNAMIC_NO_PIC = NO;
				GCC_NO_COMMON_BLOCKS = YES;
				GCC_OPTIMIZATION_LEVEL = 0;
				GCC_PREPROCESSOR_DEFINITIONS = (
					"DEBUG=1",
					"$(inherited)",
				);
				GCC_WARN_64_TO_32_BIT_CONVERSION = YES;
				GCC_WARN_ABOUT_RETURN_TYPE = YES_ERROR;
				GCC_WARN_UNDECLARED_SELECTOR = YES;
				GCC_WARN_UNINITIALIZED_AUTOS = YES_AGGRESSIVE;
				GCC_WARN_UNUSED_FUNCTION = YES;
				GCC_WARN_UNUSED_VARIABLE = YES;
				IPHONEOS_DEPLOYMENT_TARGET = 12.2;
				MTL_ENABLE_DEBUG_INFO = INCLUDE_SOURCE;
				MTL_FAST_MATH = YES;
				ONLY_ACTIVE_ARCH = YES;
				SDKROOT = iphoneos;
				SWIFT_ACTIVE_COMPILATION_CONDITIONS = DEBUG;
				SWIFT_OPTIMIZATION_LEVEL = "-Onone";
			};
			name = Debug;
		};
		48DD101C22B1E533009C4D6A /* Release */ = {
			isa = XCBuildConfiguration;
			buildSettings = {
				ALWAYS_SEARCH_USER_PATHS = NO;
				CLANG_ANALYZER_NONNULL = YES;
				CLANG_ANALYZER_NUMBER_OBJECT_CONVERSION = YES_AGGRESSIVE;
				CLANG_CXX_LANGUAGE_STANDARD = "gnu++14";
				CLANG_CXX_LIBRARY = "libc++";
				CLANG_ENABLE_MODULES = YES;
				CLANG_ENABLE_OBJC_ARC = YES;
				CLANG_ENABLE_OBJC_WEAK = YES;
				CLANG_WARN_BLOCK_CAPTURE_AUTORELEASING = YES;
				CLANG_WARN_BOOL_CONVERSION = YES;
				CLANG_WARN_COMMA = YES;
				CLANG_WARN_CONSTANT_CONVERSION = YES;
				CLANG_WARN_DEPRECATED_OBJC_IMPLEMENTATIONS = YES;
				CLANG_WARN_DIRECT_OBJC_ISA_USAGE = YES_ERROR;
				CLANG_WARN_DOCUMENTATION_COMMENTS = YES;
				CLANG_WARN_EMPTY_BODY = YES;
				CLANG_WARN_ENUM_CONVERSION = YES;
				CLANG_WARN_INFINITE_RECURSION = YES;
				CLANG_WARN_INT_CONVERSION = YES;
				CLANG_WARN_NON_LITERAL_NULL_CONVERSION = YES;
				CLANG_WARN_OBJC_IMPLICIT_RETAIN_SELF = YES;
				CLANG_WARN_OBJC_LITERAL_CONVERSION = YES;
				CLANG_WARN_OBJC_ROOT_CLASS = YES_ERROR;
				CLANG_WARN_RANGE_LOOP_ANALYSIS = YES;
				CLANG_WARN_STRICT_PROTOTYPES = YES;
				CLANG_WARN_SUSPICIOUS_MOVE = YES;
				CLANG_WARN_UNGUARDED_AVAILABILITY = YES_AGGRESSIVE;
				CLANG_WARN_UNREACHABLE_CODE = YES;
				CLANG_WARN__DUPLICATE_METHOD_MATCH = YES;
				CODE_SIGN_IDENTITY = "iPhone Developer";
				COPY_PHASE_STRIP = NO;
				DEBUG_INFORMATION_FORMAT = "dwarf-with-dsym";
				ENABLE_NS_ASSERTIONS = NO;
				ENABLE_STRICT_OBJC_MSGSEND = YES;
				GCC_C_LANGUAGE_STANDARD = gnu11;
				GCC_NO_COMMON_BLOCKS = YES;
				GCC_WARN_64_TO_32_BIT_CONVERSION = YES;
				GCC_WARN_ABOUT_RETURN_TYPE = YES_ERROR;
				GCC_WARN_UNDECLARED_SELECTOR = YES;
				GCC_WARN_UNINITIALIZED_AUTOS = YES_AGGRESSIVE;
				GCC_WARN_UNUSED_FUNCTION = YES;
				GCC_WARN_UNUSED_VARIABLE = YES;
				IPHONEOS_DEPLOYMENT_TARGET = 12.2;
				MTL_ENABLE_DEBUG_INFO = NO;
				MTL_FAST_MATH = YES;
				SDKROOT = iphoneos;
				SWIFT_COMPILATION_MODE = wholemodule;
				SWIFT_OPTIMIZATION_LEVEL = "-O";
				VALIDATE_PRODUCT = YES;
			};
			name = Release;
		};
		48DD101E22B1E533009C4D6A /* Debug */ = {
			isa = XCBuildConfiguration;
			buildSettings = {
				ASSETCATALOG_COMPILER_APPICON_NAME = AppIcon;
				ASSETCATALOG_COMPILER_LAUNCHIMAGE_NAME = LaunchImage;
				CODE_SIGN_STYLE = Automatic;
				DEVELOPMENT_TEAM = 7Q2DPPB8SR;
				INFOPLIST_FILE = "Alert Me/Info.plist";
				LD_RUNPATH_SEARCH_PATHS = (
					"$(inherited)",
					"@executable_path/Frameworks",
				);
				PRODUCT_BUNDLE_IDENTIFIER = "com.example.Alert-Me";
				PRODUCT_NAME = "$(TARGET_NAME)";
				SWIFT_VERSION = 5.0;
				TARGETED_DEVICE_FAMILY = "1,2";
			};
			name = Debug;
		};
		48DD101F22B1E533009C4D6A /* Release */ = {
			isa = XCBuildConfiguration;
			buildSettings = {
				ASSETCATALOG_COMPILER_APPICON_NAME = AppIcon;
				ASSETCATALOG_COMPILER_LAUNCHIMAGE_NAME = LaunchImage;
				CODE_SIGN_STYLE = Automatic;
				DEVELOPMENT_TEAM = 7Q2DPPB8SR;
				INFOPLIST_FILE = "Alert Me/Info.plist";
				LD_RUNPATH_SEARCH_PATHS = (
					"$(inherited)",
					"@executable_path/Frameworks",
				);
				PRODUCT_BUNDLE_IDENTIFIER = "com.example.Alert-Me";
				PRODUCT_NAME = "$(TARGET_NAME)";
				SWIFT_VERSION = 5.0;
				TARGETED_DEVICE_FAMILY = "1,2";
			};
			name = Release;
		};
		48DD102122B1E533009C4D6A /* Debug */ = {
			isa = XCBuildConfiguration;
			buildSettings = {
				ALWAYS_EMBED_SWIFT_STANDARD_LIBRARIES = YES;
				BUNDLE_LOADER = "$(TEST_HOST)";
				CODE_SIGN_STYLE = Automatic;
				INFOPLIST_FILE = "Alert MeTests/Info.plist";
				LD_RUNPATH_SEARCH_PATHS = (
					"$(inherited)",
					"@executable_path/Frameworks",
					"@loader_path/Frameworks",
				);
				PRODUCT_BUNDLE_IDENTIFIER = "com.example.Alert-MeTests";
				PRODUCT_NAME = "$(TARGET_NAME)";
				SWIFT_VERSION = 5.0;
				TARGETED_DEVICE_FAMILY = "1,2";
				TEST_HOST = "$(BUILT_PRODUCTS_DIR)/Alert Me.app/Alert Me";
			};
			name = Debug;
		};
		48DD102222B1E533009C4D6A /* Release */ = {
			isa = XCBuildConfiguration;
			buildSettings = {
				ALWAYS_EMBED_SWIFT_STANDARD_LIBRARIES = YES;
				BUNDLE_LOADER = "$(TEST_HOST)";
				CODE_SIGN_STYLE = Automatic;
				INFOPLIST_FILE = "Alert MeTests/Info.plist";
				LD_RUNPATH_SEARCH_PATHS = (
					"$(inherited)",
					"@executable_path/Frameworks",
					"@loader_path/Frameworks",
				);
				PRODUCT_BUNDLE_IDENTIFIER = "com.example.Alert-MeTests";
				PRODUCT_NAME = "$(TARGET_NAME)";
				SWIFT_VERSION = 5.0;
				TARGETED_DEVICE_FAMILY = "1,2";
				TEST_HOST = "$(BUILT_PRODUCTS_DIR)/Alert Me.app/Alert Me";
			};
			name = Release;
		};
		48DD102422B1E533009C4D6A /* Debug */ = {
			isa = XCBuildConfiguration;
			buildSettings = {
				ALWAYS_EMBED_SWIFT_STANDARD_LIBRARIES = YES;
				CODE_SIGN_STYLE = Automatic;
				INFOPLIST_FILE = "Alert MeUITests/Info.plist";
				LD_RUNPATH_SEARCH_PATHS = (
					"$(inherited)",
					"@executable_path/Frameworks",
					"@loader_path/Frameworks",
				);
				PRODUCT_BUNDLE_IDENTIFIER = "com.example.Alert-MeUITests";
				PRODUCT_NAME = "$(TARGET_NAME)";
				SWIFT_VERSION = 5.0;
				TARGETED_DEVICE_FAMILY = "1,2";
				TEST_TARGET_NAME = "Alert Me";
			};
			name = Debug;
		};
		48DD102522B1E533009C4D6A /* Release */ = {
			isa = XCBuildConfiguration;
			buildSettings = {
				ALWAYS_EMBED_SWIFT_STANDARD_LIBRARIES = YES;
				CODE_SIGN_STYLE = Automatic;
				INFOPLIST_FILE = "Alert MeUITests/Info.plist";
				LD_RUNPATH_SEARCH_PATHS = (
					"$(inherited)",
					"@executable_path/Frameworks",
					"@loader_path/Frameworks",
				);
				PRODUCT_BUNDLE_IDENTIFIER = "com.example.Alert-MeUITests";
				PRODUCT_NAME = "$(TARGET_NAME)";
				SWIFT_VERSION = 5.0;
				TARGETED_DEVICE_FAMILY = "1,2";
				TEST_TARGET_NAME = "Alert Me";
			};
			name = Release;
		};
/* End XCBuildConfiguration section */

/* Begin XCConfigurationList section */
		48DD0FF022B1E531009C4D6A /* Build configuration list for PBXProject "Alert Me" */ = {
			isa = XCConfigurationList;
			buildConfigurations = (
				48DD101B22B1E533009C4D6A /* Debug */,
				48DD101C22B1E533009C4D6A /* Release */,
			);
			defaultConfigurationIsVisible = 0;
			defaultConfigurationName = Release;
		};
		48DD101D22B1E533009C4D6A /* Build configuration list for PBXNativeTarget "Alert Me" */ = {
			isa = XCConfigurationList;
			buildConfigurations = (
				48DD101E22B1E533009C4D6A /* Debug */,
				48DD101F22B1E533009C4D6A /* Release */,
			);
			defaultConfigurationIsVisible = 0;
			defaultConfigurationName = Release;
		};
		48DD102022B1E533009C4D6A /* Build configuration list for PBXNativeTarget "Alert MeTests" */ = {
			isa = XCConfigurationList;
			buildConfigurations = (
				48DD102122B1E533009C4D6A /* Debug */,
				48DD102222B1E533009C4D6A /* Release */,
			);
			defaultConfigurationIsVisible = 0;
			defaultConfigurationName = Release;
		};
		48DD102322B1E533009C4D6A /* Build configuration list for PBXNativeTarget "Alert MeUITests" */ = {
			isa = XCConfigurationList;
			buildConfigurations = (
				48DD102422B1E533009C4D6A /* Debug */,
				48DD102522B1E533009C4D6A /* Release */,
			);
			defaultConfigurationIsVisible = 0;
			defaultConfigurationName = Release;
		};
/* End XCConfigurationList section */

/* Begin XCVersionGroup section */
		48E19C7D22C366A50088F3B5 /* Alert_Me.xcdatamodeld */ = {
			isa = XCVersionGroup;
			children = (
				48E19C7E22C366A50088F3B5 /* Alert_Me.xcdatamodel */,
			);
			currentVersion = 48E19C7E22C366A50088F3B5 /* Alert_Me.xcdatamodel */;
			path = Alert_Me.xcdatamodeld;
			sourceTree = "<group>";
			versionGroupType = wrapper.xcdatamodel;
		};
/* End XCVersionGroup section */
	};
	rootObject = 48DD0FED22B1E531009C4D6A /* Project object */;
}
